<Solution>
  <Folder Name="/src/">
    <Project Path="src/SufiChain.SufiPlatform.Tags.Application.Contracts/SufiChain.SufiPlatform.Tags.Application.Contracts.csproj" />
    <Project Path="src/SufiChain.SufiPlatform.Tags.Application/SufiChain.SufiPlatform.Tags.Application.csproj" />
    <Project Path="src/SufiChain.SufiPlatform.Tags.Blazor/SufiChain.SufiPlatform.Tags.Blazor.csproj" />
    <Project Path="src/SufiChain.SufiPlatform.Tags.Blazor.Server/SufiChain.SufiPlatform.Tags.Blazor.Server.csproj" />
    <Project Path="src/SufiChain.SufiPlatform.Tags.Domain.Shared/SufiChain.SufiPlatform.Tags.Domain.Shared.csproj" />
    <Project Path="src/SufiChain.SufiPlatform.Tags.Domain/SufiChain.SufiPlatform.Tags.Domain.csproj" />
    <Project Path="src/SufiChain.SufiPlatform.Tags.EntityFrameworkCore/SufiChain.SufiPlatform.Tags.EntityFrameworkCore.csproj" />
    <Project Path="src/SufiChain.SufiPlatform.Tags.HttpApi.Client/SufiChain.SufiPlatform.Tags.HttpApi.Client.csproj" />
    <Project Path="src/SufiChain.SufiPlatform.Tags.HttpApi/SufiChain.SufiPlatform.Tags.HttpApi.csproj" />
    <Project Path="src/SufiChain.SufiPlatform.Tags.MongoDB/SufiChain.SufiPlatform.Tags.MongoDB.csproj" />
  </Folder>
  <Folder Name="/framework/">
    <Project Path="../../framework/SufiChain.SufiPlatform.Tags.Abstractions/SufiChain.SufiPlatform.Tags.Abstractions.csproj" />
  </Folder>
  <Folder Name="/test/">
    <Project Path="../../test/tags/SufiChain.SufiPlatform.Tags.Domain.Tests/SufiChain.SufiPlatform.Tags.Domain.Tests.csproj" />
    <Project Path="../../test/tags/SufiChain.SufiPlatform.Tags.Application.Tests/SufiChain.SufiPlatform.Tags.Application.Tests.csproj" />
    <Project Path="../../test/tags/SufiChain.SufiPlatform.Tags.Persistence.Tests/SufiChain.SufiPlatform.Tags.Persistence.Tests.csproj" />
  </Folder>
</Solution>
