<Solution>
  <Folder Name="/Framework/">
    <Project Path="framework/SufiChain.SufiAbp.AI.Abstractions/SufiChain.SufiAbp.AI.Abstractions.csproj" />
    <Project Path="framework/SufiChain.SufiAbp.AI/SufiChain.SufiAbp.AI.csproj" />
    <Project Path="framework/SufiChain.SufiAbp.AspNetCore.Authentication.Abstractions/SufiChain.SufiAbp.AspNetCore.Authentication.Abstractions.csproj" />
    <Project Path="framework/SufiChain.SufiAbp.AspNetCore.Authentication.OAuth/SufiChain.SufiAbp.AspNetCore.Authentication.OAuth.csproj" />
    <Project Path="framework/SufiChain.SufiAbp.AspNetCore.Authentication.OpenIdConnect/SufiChain.SufiAbp.AspNetCore.Authentication.OpenIdConnect.csproj" />
    <Project Path="framework/SufiChain.SufiAbp.AspNetCore.Authentication.Server/SufiChain.SufiAbp.AspNetCore.Authentication.Server.csproj" />
    <Project Path="framework/SufiChain.SufiAbp.AspNetCore.Authentication.WebAssembly/SufiChain.SufiAbp.AspNetCore.Authentication.WebAssembly.csproj" />
    <Project Path="framework/SufiChain.SufiAbp.AspNetCore.Components.Server.Theming/SufiChain.SufiAbp.AspNetCore.Components.Server.Theming.csproj" />
    <Project Path="framework/SufiChain.SufiAbp.AspNetCore.Components.Web/SufiChain.SufiAbp.AspNetCore.Components.Web.csproj" />
    <Project Path="framework/SufiChain.SufiAbp.AspNetCore.Components.WebAssembly.Theming.Bundling/SufiChain.SufiAbp.AspNetCore.Components.WebAssembly.Theming.Bundling.csproj" />
    <Project Path="framework/SufiChain.SufiAbp.AspNetCore.Components.WebAssembly.Theming/SufiChain.SufiAbp.AspNetCore.Components.WebAssembly.Theming.csproj" />
    <Project Path="framework/SufiChain.SufiAbp.AspNetCore.MultiTenancy/SufiChain.SufiAbp.AspNetCore.MultiTenancy.csproj" />
    <Project Path="framework/SufiChain.SufiAbp.AspNetCore.Mvc/SufiChain.SufiAbp.AspNetCore.Mvc.csproj" />
    <Project Path="framework/SufiChain.SufiAbp.AspNetCore.Serilog/SufiChain.SufiAbp.AspNetCore.Serilog.csproj" />
    <Project Path="framework/SufiChain.SufiAbp.AspNetCore/SufiChain.SufiAbp.AspNetCore.csproj" />
    <Project Path="framework/SufiChain.SufiAbp.Auditing/SufiChain.SufiAbp.Auditing.csproj" />
    <Project Path="framework/SufiChain.SufiAbp.Authorization/SufiChain.SufiAbp.Authorization.csproj" />
    <Project Path="framework/SufiChain.SufiAbp.Autofac.WebAssembly/SufiChain.SufiAbp.Autofac.WebAssembly.csproj" />
    <Project Path="framework/SufiChain.SufiAbp.Autofac/SufiChain.SufiAbp.Autofac.csproj" />
    <Project Path="framework/SufiChain.SufiAbp.AutoMapper/SufiChain.SufiAbp.AutoMapper.csproj" />
    <Project Path="framework/SufiChain.SufiAbp.BackgroundJobs/SufiChain.SufiAbp.BackgroundJobs.csproj" />
    <Project Path="framework/SufiChain.SufiAbp.BackgroundWorkers/SufiChain.SufiAbp.BackgroundWorkers.csproj" />
    <Project Path="framework/SufiChain.SufiAbp.BlobStoring.FileSystem/SufiChain.SufiAbp.BlobStoring.FileSystem.csproj" />
    <Project Path="framework/SufiChain.SufiAbp.BlobStoring.Minio/SufiChain.SufiAbp.BlobStoring.Minio.csproj" />
    <Project Path="framework/SufiChain.SufiAbp.BlobStoring.S3Provider/SufiChain.SufiAbp.BlobStoring.S3Provider.csproj" />
    <Project Path="framework/SufiChain.SufiAbp.BlobStoring/SufiChain.SufiAbp.BlobStoring.csproj" />
    <Project Path="framework/SufiChain.SufiAbp.Caching/SufiChain.SufiAbp.Caching.csproj" />
    <Project Path="framework/SufiChain.SufiAbp.CLI.Core/SufiChain.SufiAbp.CLI.Core.csproj" />
    <Project Path="framework/SufiChain.SufiAbp.CLI/SufiChain.SufiAbp.CLI.csproj" />
    <Project Path="framework/SufiChain.SufiAbp.Core/SufiChain.SufiAbp.Core.csproj" />
    <Project Path="framework/SufiChain.SufiAbp.Data/SufiChain.SufiAbp.Data.csproj" />
    <Project Path="framework/SufiChain.SufiAbp.Ddd.Application.Contracts/SufiChain.SufiAbp.Ddd.Application.Contracts.csproj" />
    <Project Path="framework/SufiChain.SufiAbp.Ddd.Application/SufiChain.SufiAbp.Ddd.Application.csproj" />
    <Project Path="framework/SufiChain.SufiAbp.Ddd.Domain.Shared/SufiChain.SufiAbp.Ddd.Domain.Shared.csproj" />
    <Project Path="framework/SufiChain.SufiAbp.Ddd.Domain/SufiChain.SufiAbp.Ddd.Domain.csproj" />
    <Project Path="framework/SufiChain.SufiAbp.DistributedLocking.Abstractions/SufiChain.SufiAbp.DistributedLocking.Abstractions.csproj" />
    <Project Path="framework/SufiChain.SufiAbp.Emailing/SufiChain.SufiAbp.Emailing.csproj" />
    <Project Path="framework/SufiChain.SufiAbp.EntityFrameworkCore.MySQL/SufiChain.SufiAbp.EntityFrameworkCore.MySQL.csproj" />
    <Project Path="framework/SufiChain.SufiAbp.EntityFrameworkCore.PostgreSql/SufiChain.SufiAbp.EntityFrameworkCore.PostgreSql.csproj" />
    <Project Path="framework/SufiChain.SufiAbp.EntityFrameworkCore.Sqlite/SufiChain.SufiAbp.EntityFrameworkCore.Sqlite.csproj" />
    <Project Path="framework/SufiChain.SufiAbp.EntityFrameworkCore.SqlServer/SufiChain.SufiAbp.EntityFrameworkCore.SqlServer.csproj" />
    <Project Path="framework/SufiChain.SufiAbp.EntityFrameworkCore/SufiChain.SufiAbp.EntityFrameworkCore.csproj" />
    <Project Path="framework/SufiChain.SufiAbp.EventBus/SufiChain.SufiAbp.EventBus.csproj" />
    <Project Path="framework/SufiChain.SufiAbp.Features/SufiChain.SufiAbp.Features.csproj" />
    <Project Path="framework/SufiChain.SufiAbp.Guids/SufiChain.SufiAbp.Guids.csproj" />
    <Project Path="framework/SufiChain.SufiAbp.Http.Client/SufiChain.SufiAbp.Http.Client.csproj" />
    <Project Path="framework/SufiChain.SufiAbp.Localization/SufiChain.SufiAbp.Localization.csproj" />
    <Project Path="framework/SufiChain.SufiAbp.Mapperly/SufiChain.SufiAbp.Mapperly.csproj" />
    <Project Path="framework/SufiChain.SufiAbp.MongoDB/SufiChain.SufiAbp.MongoDB.csproj" />
    <Project Path="framework/SufiChain.SufiAbp.MultiTenancy/SufiChain.SufiAbp.MultiTenancy.csproj" />
    <Project Path="framework/SufiChain.SufiAbp.ObjectExtending/SufiChain.SufiAbp.ObjectExtending.csproj" />
    <Project Path="framework/SufiChain.SufiAbp.Security/SufiChain.SufiAbp.Security.csproj" />
    <Project Path="framework/SufiChain.SufiAbp.Swashbuckle/SufiChain.SufiAbp.Swashbuckle.csproj" />
    <Project Path="framework/SufiChain.SufiAbp.TestBase/SufiChain.SufiAbp.TestBase.csproj" />
    <Project Path="framework/SufiChain.SufiAbp.Threading/SufiChain.SufiAbp.Threading.csproj" />
    <Project Path="framework/SufiChain.SufiAbp.Timing/SufiChain.SufiAbp.Timing.csproj" />
    <Project Path="framework/SufiChain.SufiAbp.UI.Abstractions/SufiChain.SufiAbp.UI.Abstractions.csproj" />
    <Project Path="framework/SufiChain.SufiAbp.UI.Blazor.Server/SufiChain.SufiAbp.UI.Blazor.Server.csproj" />
    <Project Path="framework/SufiChain.SufiAbp.UI.Blazor.WebAssembly/SufiChain.SufiAbp.UI.Blazor.WebAssembly.csproj" />
    <Project Path="framework/SufiChain.SufiAbp.UI.Blazor/SufiChain.SufiAbp.UI.Blazor.csproj" />
    <Project Path="framework/SufiChain.SufiAbp.UI.Domain.Shared/SufiChain.SufiAbp.UI.Domain.Shared.csproj" />
    <Project Path="framework/SufiChain.SufiAbp.UI.Services/SufiChain.SufiAbp.UI.Services.csproj" />
    <Project Path="framework/SufiChain.SufiAbp.UI/SufiChain.SufiAbp.UI.csproj" />
    <Project Path="framework/SufiChain.SufiAbp.Validation/SufiChain.SufiAbp.Validation.csproj" />
    <Project Path="framework/SufiChain.SufiAbp.VirtualFileSystem/SufiChain.SufiAbp.VirtualFileSystem.csproj" />
  </Folder>
  <Folder Name="/Modules/" />
  <Folder Name="/Modules/Account/">
    <Project Path="modules/account/src/SufiChain.SufiAbp.Account.Application.Contracts/SufiChain.SufiAbp.Account.Application.Contracts.csproj" />
    <Project Path="modules/account/src/SufiChain.SufiAbp.Account.Application/SufiChain.SufiAbp.Account.Application.csproj" />
    <Project Path="modules/account/src/SufiChain.SufiAbp.Account.Blazor/SufiChain.SufiAbp.Account.Blazor.csproj" />
    <Project Path="modules/account/src/SufiChain.SufiAbp.Account.Domain.Shared/SufiChain.SufiAbp.Account.Domain.Shared.csproj" />
    <Project Path="modules/account/src/SufiChain.SufiAbp.Account.HttpApi.Client/SufiChain.SufiAbp.Account.HttpApi.Client.csproj" />
    <Project Path="modules/account/src/SufiChain.SufiAbp.Account.HttpApi/SufiChain.SufiAbp.Account.HttpApi.csproj" />
  </Folder>
  <Folder Name="/Modules/AiManagement/">
    <Project Path="modules/ai-management/src/SufiChain.SufiAbp.AIManagement.Application.Contracts/SufiChain.SufiAbp.AIManagement.Application.Contracts.csproj" />
    <Project Path="modules/ai-management/src/SufiChain.SufiAbp.AIManagement.Application/SufiChain.SufiAbp.AIManagement.Application.csproj" />
    <Project Path="modules/ai-management/src/SufiChain.SufiAbp.AIManagement.Blazor.WebAssembly/SufiChain.SufiAbp.AIManagement.Blazor.WebAssembly.csproj" />
    <Project Path="modules/ai-management/src/SufiChain.SufiAbp.AIManagement.Blazor/SufiChain.SufiAbp.AIManagement.Blazor.csproj" />
    <Project Path="modules/ai-management/src/SufiChain.SufiAbp.AIManagement.Domain.Shared/SufiChain.SufiAbp.AIManagement.Domain.Shared.csproj" />
    <Project Path="modules/ai-management/src/SufiChain.SufiAbp.AIManagement.Domain/SufiChain.SufiAbp.AIManagement.Domain.csproj" />
    <Project Path="modules/ai-management/src/SufiChain.SufiAbp.AIManagement.EntityFrameworkCore/SufiChain.SufiAbp.AIManagement.EntityFrameworkCore.csproj" />
    <Project Path="modules/ai-management/src/SufiChain.SufiAbp.AIManagement.HttpApi.Client/SufiChain.SufiAbp.AIManagement.HttpApi.Client.csproj" />
    <Project Path="modules/ai-management/src/SufiChain.SufiAbp.AIManagement.HttpApi/SufiChain.SufiAbp.AIManagement.HttpApi.csproj" />
    <Project Path="modules/ai-management/src/SufiChain.SufiAbp.AIManagement.MongoDB/SufiChain.SufiAbp.AIManagement.MongoDB.csproj" />
  </Folder>
  <Folder Name="/Modules/AiManagement/tests/">
    <Project Path="modules/ai-management/test/SufiChain.SufiAbp.AIManagement.Application.Tests/SufiChain.SufiAbp.AIManagement.Application.Tests.csproj" />
    <Project Path="modules/ai-management/test/SufiChain.SufiAbp.AIManagement.Domain.Tests/SufiChain.SufiAbp.AIManagement.Domain.Tests.csproj" />
    <Project Path="modules/ai-management/test/SufiChain.SufiAbp.AIManagement.TestBase/SufiChain.SufiAbp.AIManagement.TestBase.csproj" />
  </Folder>
  <Folder Name="/Modules/AuditLogging/">
    <Project Path="modules/audit-logging/src/SufiChain.SufiAbp.AuditLogging.Application.Contracts/SufiChain.SufiAbp.AuditLogging.Application.Contracts.csproj" />
    <Project Path="modules/audit-logging/src/SufiChain.SufiAbp.AuditLogging.Application/SufiChain.SufiAbp.AuditLogging.Application.csproj" />
    <Project Path="modules/audit-logging/src/SufiChain.SufiAbp.AuditLogging.Blazor/SufiChain.SufiAbp.AuditLogging.Blazor.csproj" />
    <Project Path="modules/audit-logging/src/SufiChain.SufiAbp.AuditLogging.Domain.Shared/SufiChain.SufiAbp.AuditLogging.Domain.Shared.csproj" />
    <Project Path="modules/audit-logging/src/SufiChain.SufiAbp.AuditLogging.Domain/SufiChain.SufiAbp.AuditLogging.Domain.csproj" />
    <Project Path="modules/audit-logging/src/SufiChain.SufiAbp.AuditLogging.EntityFrameworkCore/SufiChain.SufiAbp.AuditLogging.EntityFrameworkCore.csproj" />
    <Project Path="modules/audit-logging/src/SufiChain.SufiAbp.AuditLogging.HttpApi.Client/SufiChain.SufiAbp.AuditLogging.HttpApi.Client.csproj" />
    <Project Path="modules/audit-logging/src/SufiChain.SufiAbp.AuditLogging.HttpApi/SufiChain.SufiAbp.AuditLogging.HttpApi.csproj" />
    <Project Path="modules/audit-logging/src/SufiChain.SufiAbp.AuditLogging.MongoDB/SufiChain.SufiAbp.AuditLogging.MongoDB.csproj" />
  </Folder>
  <Folder Name="/Modules/BackgroundJobs/">
    <Project Path="modules/background-jobs/src/SufiChain.SufiAbp.BackgroundJobs.Application.Contracts/SufiChain.SufiAbp.BackgroundJobs.Application.Contracts.csproj" />
    <Project Path="modules/background-jobs/src/SufiChain.SufiAbp.BackgroundJobs.Application/SufiChain.SufiAbp.BackgroundJobs.Application.csproj" />
    <Project Path="modules/background-jobs/src/SufiChain.SufiAbp.BackgroundJobs.Blazor/SufiChain.SufiAbp.BackgroundJobs.Blazor.csproj" />
    <Project Path="modules/background-jobs/src/SufiChain.SufiAbp.BackgroundJobs.Domain.Shared/SufiChain.SufiAbp.BackgroundJobs.Domain.Shared.csproj" />
    <Project Path="modules/background-jobs/src/SufiChain.SufiAbp.BackgroundJobs.Domain/SufiChain.SufiAbp.BackgroundJobs.Domain.csproj" />
    <Project Path="modules/background-jobs/src/SufiChain.SufiAbp.BackgroundJobs.EntityFrameworkCore/SufiChain.SufiAbp.BackgroundJobs.EntityFrameworkCore.csproj" />
    <Project Path="modules/background-jobs/src/SufiChain.SufiAbp.BackgroundJobs.HttpApi.Client/SufiChain.SufiAbp.BackgroundJobs.HttpApi.Client.csproj" />
    <Project Path="modules/background-jobs/src/SufiChain.SufiAbp.BackgroundJobs.HttpApi/SufiChain.SufiAbp.BackgroundJobs.HttpApi.csproj" />
    <Project Path="modules/background-jobs/src/SufiChain.SufiAbp.BackgroundJobs.MongoDB/SufiChain.SufiAbp.BackgroundJobs.MongoDB.csproj" />
  </Folder>
  <Folder Name="/Modules/BlobStoringDatabase/">
    <Project Path="modules/blob-storing-database/src/SufiChain.SufiAbp.BlobStoring.Database.Domain.Shared/SufiChain.SufiAbp.BlobStoring.Database.Domain.Shared.csproj" />
    <Project Path="modules/blob-storing-database/src/SufiChain.SufiAbp.BlobStoring.Database.Domain/SufiChain.SufiAbp.BlobStoring.Database.Domain.csproj" />
    <Project Path="modules/blob-storing-database/src/SufiChain.SufiAbp.BlobStoring.Database.EntityFrameworkCore/SufiChain.SufiAbp.BlobStoring.Database.EntityFrameworkCore.csproj" />
    <Project Path="modules/blob-storing-database/src/SufiChain.SufiAbp.BlobStoring.Database.MongoDB/SufiChain.SufiAbp.BlobStoring.Database.MongoDB.csproj" />
  </Folder>
  <Folder Name="/Modules/FeatureManagement/">
    <Project Path="modules/feature-management/src/SufiChain.SufiAbp.FeatureManagement.Application.Contracts/SufiChain.SufiAbp.FeatureManagement.Application.Contracts.csproj" />
    <Project Path="modules/feature-management/src/SufiChain.SufiAbp.FeatureManagement.Application/SufiChain.SufiAbp.FeatureManagement.Application.csproj" />
    <Project Path="modules/feature-management/src/SufiChain.SufiAbp.FeatureManagement.Blazor/SufiChain.SufiAbp.FeatureManagement.Blazor.csproj" />
    <Project Path="modules/feature-management/src/SufiChain.SufiAbp.FeatureManagement.Domain.Shared/SufiChain.SufiAbp.FeatureManagement.Domain.Shared.csproj" />
    <Project Path="modules/feature-management/src/SufiChain.SufiAbp.FeatureManagement.Domain/SufiChain.SufiAbp.FeatureManagement.Domain.csproj" />
    <Project Path="modules/feature-management/src/SufiChain.SufiAbp.FeatureManagement.EntityFrameworkCore/SufiChain.SufiAbp.FeatureManagement.EntityFrameworkCore.csproj" />
    <Project Path="modules/feature-management/src/SufiChain.SufiAbp.FeatureManagement.HttpApi.Client/SufiChain.SufiAbp.FeatureManagement.HttpApi.Client.csproj" />
    <Project Path="modules/feature-management/src/SufiChain.SufiAbp.FeatureManagement.HttpApi/SufiChain.SufiAbp.FeatureManagement.HttpApi.csproj" />
    <Project Path="modules/feature-management/src/SufiChain.SufiAbp.FeatureManagement.MongoDB/SufiChain.SufiAbp.FeatureManagement.MongoDB.csproj" />
  </Folder>
  <Folder Name="/Modules/FileManager/">
    <Project Path="modules/file-manager/src/SufiChain.SufiAbp.FileManager.Application.Contracts/SufiChain.SufiAbp.FileManager.Application.Contracts.csproj" />
    <Project Path="modules/file-manager/src/SufiChain.SufiAbp.FileManager.Application/SufiChain.SufiAbp.FileManager.Application.csproj" />
    <Project Path="modules/file-manager/src/SufiChain.SufiAbp.FileManager.Blazor.Public/SufiChain.SufiAbp.FileManager.Blazor.Public.csproj" />
    <Project Path="modules/file-manager/src/SufiChain.SufiAbp.FileManager.Blazor.Server/SufiChain.SufiAbp.FileManager.Blazor.Server.csproj" />
    <Project Path="modules/file-manager/src/SufiChain.SufiAbp.FileManager.Blazor.WebAssembly/SufiChain.SufiAbp.FileManager.Blazor.WebAssembly.csproj" />
    <Project Path="modules/file-manager/src/SufiChain.SufiAbp.FileManager.Blazor/SufiChain.SufiAbp.FileManager.Blazor.csproj" />
    <Project Path="modules/file-manager/src/SufiChain.SufiAbp.FileManager.Demo/SufiChain.SufiAbp.FileManager.Demo.csproj" />
    <Project Path="modules/file-manager/src/SufiChain.SufiAbp.FileManager.Domain.Shared/SufiChain.SufiAbp.FileManager.Domain.Shared.csproj" />
    <Project Path="modules/file-manager/src/SufiChain.SufiAbp.FileManager.Domain/SufiChain.SufiAbp.FileManager.Domain.csproj" />
    <Project Path="modules/file-manager/src/SufiChain.SufiAbp.FileManager.EntityFrameworkCore/SufiChain.SufiAbp.FileManager.EntityFrameworkCore.csproj" />
    <Project Path="modules/file-manager/src/SufiChain.SufiAbp.FileManager.HttpApi.Client/SufiChain.SufiAbp.FileManager.HttpApi.Client.csproj" />
    <Project Path="modules/file-manager/src/SufiChain.SufiAbp.FileManager.HttpApi/SufiChain.SufiAbp.FileManager.HttpApi.csproj" />
    <Project Path="modules/file-manager/src/SufiChain.SufiAbp.FileManager.MongoDB/SufiChain.SufiAbp.FileManager.MongoDB.csproj" />
    <Project Path="modules/file-manager/src/SufiChain.SufiAbp.FileManager.RichTextEditor/SufiChain.SufiAbp.FileManager.RichTextEditor.csproj" />
  </Folder>
  <Folder Name="/Modules/FileManager/tests/">
    <Project Path="modules/file-manager/test/SufiChain.SufiAbp.FileManager.Domain.Tests/SufiChain.SufiAbp.FileManager.Domain.Tests.csproj" />
    <Project Path="modules/file-manager/test/SufiChain.SufiAbp.FileManager.EntityFrameworkCore.Tests/SufiChain.SufiAbp.FileManager.EntityFrameworkCore.Tests.csproj" />
    <Project Path="modules/file-manager/test/SufiChain.SufiAbp.FileManager.TestBase/SufiChain.SufiAbp.FileManager.TestBase.csproj" />
  </Folder>
  <Folder Name="/Modules/Identity/">
    <Project Path="modules/identity/src/SufiChain.SufiAbp.Identity.Application.Contracts/SufiChain.SufiAbp.Identity.Application.Contracts.csproj" />
    <Project Path="modules/identity/src/SufiChain.SufiAbp.Identity.Application/SufiChain.SufiAbp.Identity.Application.csproj" />
    <Project Path="modules/identity/src/SufiChain.SufiAbp.Identity.AspNetCore/SufiChain.SufiAbp.Identity.AspNetCore.csproj" />
    <Project Path="modules/identity/src/SufiChain.SufiAbp.Identity.Blazor/SufiChain.SufiAbp.Identity.Blazor.csproj" />
    <Project Path="modules/identity/src/SufiChain.SufiAbp.Identity.Domain.Shared/SufiChain.SufiAbp.Identity.Domain.Shared.csproj" />
    <Project Path="modules/identity/src/SufiChain.SufiAbp.Identity.Domain/SufiChain.SufiAbp.Identity.Domain.csproj" />
    <Project Path="modules/identity/src/SufiChain.SufiAbp.Identity.EntityFrameworkCore/SufiChain.SufiAbp.Identity.EntityFrameworkCore.csproj" />
    <Project Path="modules/identity/src/SufiChain.SufiAbp.Identity.HttpApi.Client/SufiChain.SufiAbp.Identity.HttpApi.Client.csproj" />
    <Project Path="modules/identity/src/SufiChain.SufiAbp.Identity.HttpApi/SufiChain.SufiAbp.Identity.HttpApi.csproj" />
    <Project Path="modules/identity/src/SufiChain.SufiAbp.Identity.MongoDB/SufiChain.SufiAbp.Identity.MongoDB.csproj" />
    <Project Path="modules/identity/src/SufiChain.SufiAbp.PermissionManagement.Domain.Identity/SufiChain.SufiAbp.PermissionManagement.Domain.Identity.csproj" />
  </Folder>
  <Folder Name="/Modules/LocalizationManagement/">
    <Project Path="modules/localization-management/src/SufiChain.SufiAbp.LocalizationManagement.Application.Contracts/SufiChain.SufiAbp.LocalizationManagement.Application.Contracts.csproj" />
    <Project Path="modules/localization-management/src/SufiChain.SufiAbp.LocalizationManagement.Application/SufiChain.SufiAbp.LocalizationManagement.Application.csproj" />
    <Project Path="modules/localization-management/src/SufiChain.SufiAbp.LocalizationManagement.Blazor/SufiChain.SufiAbp.LocalizationManagement.Blazor.csproj" />
    <Project Path="modules/localization-management/src/SufiChain.SufiAbp.LocalizationManagement.Domain.Shared/SufiChain.SufiAbp.LocalizationManagement.Domain.Shared.csproj" />
    <Project Path="modules/localization-management/src/SufiChain.SufiAbp.LocalizationManagement.Domain/SufiChain.SufiAbp.LocalizationManagement.Domain.csproj" />
    <Project Path="modules/localization-management/src/SufiChain.SufiAbp.LocalizationManagement.EntityFrameworkCore/SufiChain.SufiAbp.LocalizationManagement.EntityFrameworkCore.csproj" />
    <Project Path="modules/localization-management/src/SufiChain.SufiAbp.LocalizationManagement.HttpApi.Client/SufiChain.SufiAbp.LocalizationManagement.HttpApi.Client.csproj" />
    <Project Path="modules/localization-management/src/SufiChain.SufiAbp.LocalizationManagement.HttpApi/SufiChain.SufiAbp.LocalizationManagement.HttpApi.csproj" />
    <Project Path="modules/localization-management/src/SufiChain.SufiAbp.LocalizationManagement.MongoDB/SufiChain.SufiAbp.LocalizationManagement.MongoDB.csproj" />
  </Folder>
  <Folder Name="/Modules/Openiddict/">
    <Project Path="modules/openiddict/src/SufiChain.SufiAbp.OpenIddict.AspNetCore/SufiChain.SufiAbp.OpenIddict.AspNetCore.csproj" />
    <Project Path="modules/openiddict/src/SufiChain.SufiAbp.OpenIddict.Domain.Shared/SufiChain.SufiAbp.OpenIddict.Domain.Shared.csproj" />
    <Project Path="modules/openiddict/src/SufiChain.SufiAbp.OpenIddict.Domain/SufiChain.SufiAbp.OpenIddict.Domain.csproj" />
    <Project Path="modules/openiddict/src/SufiChain.SufiAbp.OpenIddict.EntityFrameworkCore/SufiChain.SufiAbp.OpenIddict.EntityFrameworkCore.csproj" />
    <Project Path="modules/openiddict/src/SufiChain.SufiAbp.OpenIddict.MongoDB/SufiChain.SufiAbp.OpenIddict.MongoDB.csproj" />
    <Project Path="modules/openiddict/src/SufiChain.SufiAbp.PermissionManagement.Domain.OpenIddict/SufiChain.SufiAbp.PermissionManagement.Domain.OpenIddict.csproj" />
  </Folder>
  <Folder Name="/Modules/PermissionManagement/">
    <Project Path="modules/permission-management/src/SufiChain.SufiAbp.PermissionManagement.Application.Contracts/SufiChain.SufiAbp.PermissionManagement.Application.Contracts.csproj" />
    <Project Path="modules/permission-management/src/SufiChain.SufiAbp.PermissionManagement.Application/SufiChain.SufiAbp.PermissionManagement.Application.csproj" />
    <Project Path="modules/permission-management/src/SufiChain.SufiAbp.PermissionManagement.Domain.Shared/SufiChain.SufiAbp.PermissionManagement.Domain.Shared.csproj" />
    <Project Path="modules/permission-management/src/SufiChain.SufiAbp.PermissionManagement.Domain/SufiChain.SufiAbp.PermissionManagement.Domain.csproj" />
    <Project Path="modules/permission-management/src/SufiChain.SufiAbp.PermissionManagement.EntityFrameworkCore/SufiChain.SufiAbp.PermissionManagement.EntityFrameworkCore.csproj" />
    <Project Path="modules/permission-management/src/SufiChain.SufiAbp.PermissionManagement.HttpApi.Client/SufiChain.SufiAbp.PermissionManagement.HttpApi.Client.csproj" />
    <Project Path="modules/permission-management/src/SufiChain.SufiAbp.PermissionManagement.HttpApi/SufiChain.SufiAbp.PermissionManagement.HttpApi.csproj" />
    <Project Path="modules/permission-management/src/SufiChain.SufiAbp.PermissionManagement.MongoDB/SufiChain.SufiAbp.PermissionManagement.MongoDB.csproj" />
  </Folder>
  <Folder Name="/Modules/SettingManagement/">
    <Project Path="modules/setting-management/src/SufiChain.SufiAbp.SettingManagement.Application.Contracts/SufiChain.SufiAbp.SettingManagement.Application.Contracts.csproj" />
    <Project Path="modules/setting-management/src/SufiChain.SufiAbp.SettingManagement.Application/SufiChain.SufiAbp.SettingManagement.Application.csproj" />
    <Project Path="modules/setting-management/src/SufiChain.SufiAbp.SettingManagement.Blazor/SufiChain.SufiAbp.SettingManagement.Blazor.csproj" />
    <Project Path="modules/setting-management/src/SufiChain.SufiAbp.SettingManagement.Domain.Shared/SufiChain.SufiAbp.SettingManagement.Domain.Shared.csproj" />
    <Project Path="modules/setting-management/src/SufiChain.SufiAbp.SettingManagement.Domain/SufiChain.SufiAbp.SettingManagement.Domain.csproj" />
    <Project Path="modules/setting-management/src/SufiChain.SufiAbp.SettingManagement.EntityFrameworkCore/SufiChain.SufiAbp.SettingManagement.EntityFrameworkCore.csproj" />
    <Project Path="modules/setting-management/src/SufiChain.SufiAbp.SettingManagement.HttpApi.Client/SufiChain.SufiAbp.SettingManagement.HttpApi.Client.csproj" />
    <Project Path="modules/setting-management/src/SufiChain.SufiAbp.SettingManagement.HttpApi/SufiChain.SufiAbp.SettingManagement.HttpApi.csproj" />
    <Project Path="modules/setting-management/src/SufiChain.SufiAbp.SettingManagement.MongoDB/SufiChain.SufiAbp.SettingManagement.MongoDB.csproj" />
  </Folder>
  <Folder Name="/Modules/ShortLinkGenerator/">
    <Project Path="modules/short-link-generator/src/SufiChain.SufiAbp.ShortLinkGenerator.Application.Contracts/SufiChain.SufiAbp.ShortLinkGenerator.Application.Contracts.csproj" />
    <Project Path="modules/short-link-generator/src/SufiChain.SufiAbp.ShortLinkGenerator.Application/SufiChain.SufiAbp.ShortLinkGenerator.Application.csproj" />
    <Project Path="modules/short-link-generator/src/SufiChain.SufiAbp.ShortLinkGenerator.Blazor.Server/SufiChain.SufiAbp.ShortLinkGenerator.Blazor.Server.csproj" />
    <Project Path="modules/short-link-generator/src/SufiChain.SufiAbp.ShortLinkGenerator.Blazor.WebAssembly/SufiChain.SufiAbp.ShortLinkGenerator.Blazor.WebAssembly.csproj" />
    <Project Path="modules/short-link-generator/src/SufiChain.SufiAbp.ShortLinkGenerator.Blazor/SufiChain.SufiAbp.ShortLinkGenerator.Blazor.csproj" />
    <Project Path="modules/short-link-generator/src/SufiChain.SufiAbp.ShortLinkGenerator.Domain.Shared/SufiChain.SufiAbp.ShortLinkGenerator.Domain.Shared.csproj" />
    <Project Path="modules/short-link-generator/src/SufiChain.SufiAbp.ShortLinkGenerator.Domain/SufiChain.SufiAbp.ShortLinkGenerator.Domain.csproj" />
    <Project Path="modules/short-link-generator/src/SufiChain.SufiAbp.ShortLinkGenerator.EntityFrameworkCore/SufiChain.SufiAbp.ShortLinkGenerator.EntityFrameworkCore.csproj" />
    <Project Path="modules/short-link-generator/src/SufiChain.SufiAbp.ShortLinkGenerator.HttpApi.Client/SufiChain.SufiAbp.ShortLinkGenerator.HttpApi.Client.csproj" />
    <Project Path="modules/short-link-generator/src/SufiChain.SufiAbp.ShortLinkGenerator.HttpApi/SufiChain.SufiAbp.ShortLinkGenerator.HttpApi.csproj" />
    <Project Path="modules/short-link-generator/src/SufiChain.SufiAbp.ShortLinkGenerator.MongoDB/SufiChain.SufiAbp.ShortLinkGenerator.MongoDB.csproj" />
  </Folder>
  <Folder Name="/Modules/ShortLinkGenerator/tests/">
    <Project Path="modules/short-link-generator/test/SufiChain.SufiAbp.ShortLinkGenerator (2).TestBase/SufiChain.SufiAbp.ShortLinkGenerator.TestBase.csproj" />
    <Project Path="modules/short-link-generator/test/SufiChain.SufiAbp.ShortLinkGenerator.Application (2).Tests/SufiChain.SufiAbp.ShortLinkGenerator.Application.Tests.csproj" />
    <Project Path="modules/short-link-generator/test/SufiChain.SufiAbp.ShortLinkGenerator.Domain (2).Tests/SufiChain.SufiAbp.ShortLinkGenerator.Domain.Tests.csproj" />
    <Project Path="modules/short-link-generator/test/SufiChain.SufiAbp.ShortLinkGenerator.EntityFrameworkCore (2).Tests/SufiChain.SufiAbp.ShortLinkGenerator.EntityFrameworkCore.Tests.csproj" />
    <Project Path="modules/short-link-generator/test/SufiChain.SufiAbp.ShortLinkGenerator.MongoDB (2).Tests/SufiChain.SufiAbp.ShortLinkGenerator.MongoDB.Tests.csproj" />
  </Folder>
  <Folder Name="/Modules/TenantManagement/">
    <Project Path="modules/tenant-management/src/SufiChain.SufiAbp.TenantManagement.Application.Contracts/SufiChain.SufiAbp.TenantManagement.Application.Contracts.csproj" />
    <Project Path="modules/tenant-management/src/SufiChain.SufiAbp.TenantManagement.Application/SufiChain.SufiAbp.TenantManagement.Application.csproj" />
    <Project Path="modules/tenant-management/src/SufiChain.SufiAbp.TenantManagement.Blazor/SufiChain.SufiAbp.TenantManagement.Blazor.csproj" />
    <Project Path="modules/tenant-management/src/SufiChain.SufiAbp.TenantManagement.Domain.Shared/SufiChain.SufiAbp.TenantManagement.Domain.Shared.csproj" />
    <Project Path="modules/tenant-management/src/SufiChain.SufiAbp.TenantManagement.Domain/SufiChain.SufiAbp.TenantManagement.Domain.csproj" />
    <Project Path="modules/tenant-management/src/SufiChain.SufiAbp.TenantManagement.EntityFrameworkCore/SufiChain.SufiAbp.TenantManagement.EntityFrameworkCore.csproj" />
    <Project Path="modules/tenant-management/src/SufiChain.SufiAbp.TenantManagement.HttpApi.Client/SufiChain.SufiAbp.TenantManagement.HttpApi.Client.csproj" />
    <Project Path="modules/tenant-management/src/SufiChain.SufiAbp.TenantManagement.HttpApi/SufiChain.SufiAbp.TenantManagement.HttpApi.csproj" />
    <Project Path="modules/tenant-management/src/SufiChain.SufiAbp.TenantManagement.MongoDB/SufiChain.SufiAbp.TenantManagement.MongoDB.csproj" />
  </Folder>
  <Folder Name="/Modules/Users/">
    <Project Path="modules/users/src/SufiChain.SufiAbp.Users.Abstractions/SufiChain.SufiAbp.Users.Abstractions.csproj" />
    <Project Path="modules/users/src/SufiChain.SufiAbp.Users.Domain.Shared/SufiChain.SufiAbp.Users.Domain.Shared.csproj" />
    <Project Path="modules/users/src/SufiChain.SufiAbp.Users.Domain/SufiChain.SufiAbp.Users.Domain.csproj" />
    <Project Path="modules/users/src/SufiChain.SufiAbp.Users.EntityFrameworkCore/SufiChain.SufiAbp.Users.EntityFrameworkCore.csproj" />
    <Project Path="modules/users/src/SufiChain.SufiAbp.Users.MongoDB/SufiChain.SufiAbp.Users.MongoDB.csproj" />
    <Project Path="modules/users/src/SufiChain.SufiAbp.Users/SufiChain.SufiAbp.Users.csproj" />
  </Folder>
  <Folder Name="/Tests/" />
  <Folder Name="/Tests/SmokeTest/">
    <Project Path="test/SufiChain.SufiAbp.BlazorBuildTest.Console/SufiChain.SufiAbp.BlazorBuildTest.Console.csproj" />
    <Project Path="test/SufiChain.SufiAbp.SmokeTest.Console/SufiChain.SufiAbp.SmokeTest.Console.csproj" />
  </Folder>
  <Folder Name="/Solution Items/">
    <File Path="NuGet.Config" />
    <File Path="versions.props" />
  </Folder>
</Solution>
