<Solution>
  <Folder Name="/src/">
    <Project Path="src/SufiChain.SufiAbp.PermissionManagement.Application.Contracts/SufiChain.SufiAbp.PermissionManagement.Application.Contracts.csproj" />
    <Project Path="src/SufiChain.SufiAbp.PermissionManagement.Application/SufiChain.SufiAbp.PermissionManagement.Application.csproj" />
    <Project Path="src/SufiChain.SufiAbp.PermissionManagement.Domain.Shared/SufiChain.SufiAbp.PermissionManagement.Domain.Shared.csproj" />
    <Project Path="src/SufiChain.SufiAbp.PermissionManagement.Domain/SufiChain.SufiAbp.PermissionManagement.Domain.csproj" />
    <Project Path="src/SufiChain.SufiAbp.PermissionManagement.EntityFrameworkCore/SufiChain.SufiAbp.PermissionManagement.EntityFrameworkCore.csproj" />
    <Project Path="src/SufiChain.SufiAbp.PermissionManagement.HttpApi.Client/SufiChain.SufiAbp.PermissionManagement.HttpApi.Client.csproj" />
    <Project Path="src/SufiChain.SufiAbp.PermissionManagement.HttpApi/SufiChain.SufiAbp.PermissionManagement.HttpApi.csproj" />
    <Project Path="src/SufiChain.SufiAbp.PermissionManagement.MongoDB/SufiChain.SufiAbp.PermissionManagement.MongoDB.csproj" />
  </Folder>
</Solution>
