<Solution>
  <Folder Name="/src/">
    <Project Path="src/SufiChain.SufiAbp.MenuManagement.Domain.Shared/SufiChain.SufiAbp.MenuManagement.Domain.Shared.csproj" />
    <Project Path="src/SufiChain.SufiAbp.MenuManagement.Domain/SufiChain.SufiAbp.MenuManagement.Domain.csproj" />
    <Project Path="src/SufiChain.SufiAbp.MenuManagement.Application.Contracts/SufiChain.SufiAbp.MenuManagement.Application.Contracts.csproj" />
    <Project Path="src/SufiChain.SufiAbp.MenuManagement.Application/SufiChain.SufiAbp.MenuManagement.Application.csproj" />
    <Project Path="src/SufiChain.SufiAbp.MenuManagement.EntityFrameworkCore/SufiChain.SufiAbp.MenuManagement.EntityFrameworkCore.csproj" />
    <Project Path="src/SufiChain.SufiAbp.MenuManagement.MongoDB/SufiChain.SufiAbp.MenuManagement.MongoDB.csproj" />
    <Project Path="src/SufiChain.SufiAbp.MenuManagement.HttpApi/SufiChain.SufiAbp.MenuManagement.HttpApi.csproj" />
    <Project Path="src/SufiChain.SufiAbp.MenuManagement.HttpApi.Client/SufiChain.SufiAbp.MenuManagement.HttpApi.Client.csproj" />
    <Project Path="src/SufiChain.SufiAbp.MenuManagement.Blazor/SufiChain.SufiAbp.MenuManagement.Blazor.csproj" />
    <Project Path="src/SufiChain.SufiAbp.MenuManagement.Blazor.Server/SufiChain.SufiAbp.MenuManagement.Blazor.Server.csproj" />
    <Project Path="src/SufiChain.SufiAbp.MenuManagement.Blazor.WebAssembly/SufiChain.SufiAbp.MenuManagement.Blazor.WebAssembly.csproj" />
  </Folder>
</Solution>
