<Solution>
  <Configurations>
    <Platform Name="Any CPU" />
    <Platform Name="x64" />
    <Platform Name="x86" />
  </Configurations>
  <Folder Name="/modules/">
    <Project Path="../../../independent-projects/sufi-blazor/src/SufiChain.SufiBlazor/SufiChain.SufiBlazor.csproj" />
  </Folder>
  <Folder Name="/src/">
    <Project Path="src/SufiChain.SufiAbp.FileManager.Application.Contracts/SufiChain.SufiAbp.FileManager.Application.Contracts.csproj" />
    <Project Path="src/SufiChain.SufiAbp.FileManager.Application/SufiChain.SufiAbp.FileManager.Application.csproj" />
    <Project Path="src/SufiChain.SufiAbp.FileManager.Blazor/SufiChain.SufiAbp.FileManager.Blazor.csproj" />
    <Project Path="src/SufiChain.SufiAbp.FileManager.Demo/SufiChain.SufiAbp.FileManager.Demo.csproj" />
    <Project Path="src/SufiChain.SufiAbp.FileManager.Domain.Shared/SufiChain.SufiAbp.FileManager.Domain.Shared.csproj" />
    <Project Path="src/SufiChain.SufiAbp.FileManager.Domain/SufiChain.SufiAbp.FileManager.Domain.csproj" />
    <Project Path="src/SufiChain.SufiAbp.FileManager.EntityFrameworkCore/SufiChain.SufiAbp.FileManager.EntityFrameworkCore.csproj" />
    <Project Path="src/SufiChain.SufiAbp.FileManager.HttpApi.Client/SufiChain.SufiAbp.FileManager.HttpApi.Client.csproj" />
    <Project Path="src/SufiChain.SufiAbp.FileManager.HttpApi/SufiChain.SufiAbp.FileManager.HttpApi.csproj" />
    <Project Path="src/SufiChain.SufiAbp.FileManager.MongoDB/SufiChain.SufiAbp.FileManager.MongoDB.csproj" />
  </Folder>
  <Folder Name="/test/">
    <Project Path="test/SufiChain.SufiAbp.FileManager.Application.Tests/SufiChain.SufiAbp.FileManager.Application.Tests.csproj" />
    <Project Path="test/SufiChain.SufiAbp.FileManager.Domain.Tests/SufiChain.SufiAbp.FileManager.Domain.Tests.csproj" />
    <Project Path="test/SufiChain.SufiAbp.FileManager.EntityFrameworkCore.Tests/SufiChain.SufiAbp.FileManager.EntityFrameworkCore.Tests.csproj" />
    <Project Path="test/SufiChain.SufiAbp.FileManager.TestBase/SufiChain.SufiAbp.FileManager.TestBase.csproj" />
  </Folder>
  <Project Path="../../framework/SufiChain.SufiAbp.BlobStoring.S3Provider/SufiChain.SufiAbp.BlobStoring.S3Provider.csproj" />
</Solution>
