<Solution>
  <Folder Name="/src/">
    <Project Path="src/SufiChain.SufiAbp.Identity.Application.Contracts/SufiChain.SufiAbp.Identity.Application.Contracts.csproj" />
    <Project Path="src/SufiChain.SufiAbp.Identity.Application/SufiChain.SufiAbp.Identity.Application.csproj" />
    <Project Path="src/SufiChain.SufiAbp.Identity.AspNetCore/SufiChain.SufiAbp.Identity.AspNetCore.csproj" />
    <Project Path="src/SufiChain.SufiAbp.Identity.Blazor/SufiChain.SufiAbp.Identity.Blazor.csproj" />
    <Project Path="src/SufiChain.SufiAbp.Identity.Blazor.Public/SufiChain.SufiAbp.Identity.Blazor.Public.csproj" />
    <Project Path="src/SufiChain.SufiAbp.Identity.Domain.Shared/SufiChain.SufiAbp.Identity.Domain.Shared.csproj" />
    <Project Path="src/SufiChain.SufiAbp.Identity.Domain/SufiChain.SufiAbp.Identity.Domain.csproj" />
    <Project Path="src/SufiChain.SufiAbp.Identity.EntityFrameworkCore/SufiChain.SufiAbp.Identity.EntityFrameworkCore.csproj" />
    <Project Path="src/SufiChain.SufiAbp.Identity.HttpApi.Client/SufiChain.SufiAbp.Identity.HttpApi.Client.csproj" />
    <Project Path="src/SufiChain.SufiAbp.Identity.HttpApi/SufiChain.SufiAbp.Identity.HttpApi.csproj" />
    <Project Path="src/SufiChain.SufiAbp.Identity.MongoDB/SufiChain.SufiAbp.Identity.MongoDB.csproj" />
    <Project Path="src/SufiChain.SufiAbp.PermissionManagement.Domain.Identity/SufiChain.SufiAbp.PermissionManagement.Domain.Identity.csproj" />
  </Folder>
</Solution>
