<Solution>
  <Folder Name="/host/">
    <Project Path="host/SufiChain.SufiAbp.AI.Blazor.Host/SufiChain.SufiAbp.AI.Blazor.Host.csproj" />
  </Folder>
  <Folder Name="/src/">
    <Project Path="src/SufiChain.SufiAbp.AI.Application.Contracts/SufiChain.SufiAbp.AI.Application.Contracts.csproj" />
    <Project Path="src/SufiChain.SufiAbp.AI.Application/SufiChain.SufiAbp.AI.Application.csproj" />
    <Project Path="src/SufiChain.SufiAbp.AI.Blazor.WebAssembly/SufiChain.SufiAbp.AI.Blazor.WebAssembly.csproj" />
    <Project Path="src/SufiChain.SufiAbp.AI.Blazor/SufiChain.SufiAbp.AI.Blazor.csproj" />
    <Project Path="src/SufiChain.SufiAbp.AI.Domain.Shared/SufiChain.SufiAbp.AI.Domain.Shared.csproj" />
    <Project Path="src/SufiChain.SufiAbp.AI.Domain/SufiChain.SufiAbp.AI.Domain.csproj" />
    <Project Path="src/SufiChain.SufiAbp.AI.EntityFrameworkCore/SufiChain.SufiAbp.AI.EntityFrameworkCore.csproj" />
    <Project Path="src/SufiChain.SufiAbp.AI.HttpApi.Client/SufiChain.SufiAbp.AI.HttpApi.Client.csproj" />
    <Project Path="src/SufiChain.SufiAbp.AI.HttpApi/SufiChain.SufiAbp.AI.HttpApi.csproj" />
    <Project Path="src/SufiChain.SufiAbp.AI.MongoDB/SufiChain.SufiAbp.AI.MongoDB.csproj" />
    <Project Path="src/SufiChain.SufiAbp.AI.Pgvector/SufiChain.SufiAbp.AI.Pgvector.csproj" />
    <Project Path="src/SufiChain.SufiAbp.AI.Qdrant/SufiChain.SufiAbp.AI.Qdrant.csproj" />
  </Folder>
  <Folder Name="/test/">
    <Project Path="test/SufiChain.SufiAbp.AI.Application.Tests/SufiChain.SufiAbp.AI.Application.Tests.csproj" />
    <Project Path="test/SufiChain.SufiAbp.AI.Domain.Tests/SufiChain.SufiAbp.AI.Domain.Tests.csproj" />
    <Project Path="test/SufiChain.SufiAbp.AI.TestBase/SufiChain.SufiAbp.AI.TestBase.csproj" />
  </Folder>
</Solution>
